
Microsoft Visual Studio Solution File, Format Version 12.00
# Visual Studio Version 16
VisualStudioVersion = 16.0.32106.194
MinimumVisualStudioVersion = 10.0.40219.1
Project("{9A19103F-16F7-4668-BE54-9A1E7A4F7556}") = "lesson2Task1", "lesson2Task1\lesson2Task1.csproj", "{59917595-1EDD-4CDE-A188-C741E504B550}"
EndProject
Project("{9A19103F-16F7-4668-BE54-9A1E7A4F7556}") = "lesson2Task2", "lesson2Task2\lesson2Task2.csproj", "{41592BE7-09E0-4D87-B3B9-5022536C9B92}"
EndProject
Project("{9A19103F-16F7-4668-BE54-9A1E7A4F7556}") = "lesson2Task3", "lesson2Task3\lesson2Task3.csproj", "{6CD3FFE7-4CA2-4ACA-96C5-CB28C75D2E23}"
EndProject
Project("{9A19103F-16F7-4668-BE54-9A1E7A4F7556}") = "lesson2Task4", "lesson2Task4\lesson2Task4.csproj", "{F5668334-4D4B-4FA1-BAB6-865C532C608F}"
EndProject
Project("{9A19103F-16F7-4668-BE54-9A1E7A4F7556}") = "lesson2Task5", "lesson2Task5\lesson2Task5.csproj", "{69E96616-3BED-4A65-BC83-21EDB79D3854}"
EndProject
Project("{9A19103F-16F7-4668-BE54-9A1E7A4F7556}") = "lesson3Task1", "lesson3Task1\lesson3Task1.csproj", "{1756AB52-762B-4C4B-8625-80984BCC5748}"
EndProject
Project("{9A19103F-16F7-4668-BE54-9A1E7A4F7556}") = "lesson3Task2", "lesson3Task2\lesson3Task2.csproj", "{B4C2AF9B-E9CE-401B-8BC9-493309CD004F}"
EndProject
Project("{9A19103F-16F7-4668-BE54-9A1E7A4F7556}") = "lesson3Task3", "lesson3Task3\lesson3Task3.csproj", "{0C72724D-1C32-4CCC-BFF9-5629BAF01D58}"
EndProject
Project("{9A19103F-16F7-4668-BE54-9A1E7A4F7556}") = "lesson4Task1", "lesson4Task1\lesson4Task1.csproj", "{FE6A64AB-60CB-474F-B9BD-483486DA5105}"
EndProject
Project("{9A19103F-16F7-4668-BE54-9A1E7A4F7556}") = "lesson4Task2", "lesson4Task2\lesson4Task2.csproj", "{6CCC11D5-76D6-484E-B05C-0948A8046629}"
EndProject
Project("{9A19103F-16F7-4668-BE54-9A1E7A4F7556}") = "lesson5Task1", "lesson5Task1\lesson5Task1.csproj", "{EAA773A2-9991-45E5-9325-2AA6769F7C4B}"
EndProject
Project("{FAE04EC0-301F-11D3-BF4B-00C04F79EFBC}") = "lesson5Task2", "lesson5Task2\lesson5Task2.csproj", "{3C130D79-E07B-4EDB-91A3-D287DFDD021B}"
EndProject
Project("{FAE04EC0-301F-11D3-BF4B-00C04F79EFBC}") = "lesson6Task1", "lesson6Task1\lesson6Task1.csproj", "{A1373452-1BAB-4D8F-A6AA-4020E59375D0}"
EndProject
Project("{FAE04EC0-301F-11D3-BF4B-00C04F79EFBC}") = "lesson6Task2", "lesson6Task2\lesson6Task2.csproj", "{D6CE2B49-EE41-4F75-97AD-9882DFA31885}"
EndProject
Global
	GlobalSection(SolutionConfigurationPlatforms) = preSolution
		Debug|Any CPU = Debug|Any CPU
		Release|Any CPU = Release|Any CPU
	EndGlobalSection
	GlobalSection(ProjectConfigurationPlatforms) = postSolution
		{59917595-1EDD-4CDE-A188-C741E504B550}.Debug|Any CPU.ActiveCfg = Debug|Any CPU
		{59917595-1EDD-4CDE-A188-C741E504B550}.Debug|Any CPU.Build.0 = Debug|Any CPU
		{59917595-1EDD-4CDE-A188-C741E504B550}.Release|Any CPU.ActiveCfg = Release|Any CPU
		{59917595-1EDD-4CDE-A188-C741E504B550}.Release|Any CPU.Build.0 = Release|Any CPU
		{41592BE7-09E0-4D87-B3B9-5022536C9B92}.Debug|Any CPU.ActiveCfg = Debug|Any CPU
		{41592BE7-09E0-4D87-B3B9-5022536C9B92}.Debug|Any CPU.Build.0 = Debug|Any CPU
		{41592BE7-09E0-4D87-B3B9-5022536C9B92}.Release|Any CPU.ActiveCfg = Release|Any CPU
		{41592BE7-09E0-4D87-B3B9-5022536C9B92}.Release|Any CPU.Build.0 = Release|Any CPU
		{6CD3FFE7-4CA2-4ACA-96C5-CB28C75D2E23}.Debug|Any CPU.ActiveCfg = Debug|Any CPU
		{6CD3FFE7-4CA2-4ACA-96C5-CB28C75D2E23}.Debug|Any CPU.Build.0 = Debug|Any CPU
		{6CD3FFE7-4CA2-4ACA-96C5-CB28C75D2E23}.Release|Any CPU.ActiveCfg = Release|Any CPU
		{6CD3FFE7-4CA2-4ACA-96C5-CB28C75D2E23}.Release|Any CPU.Build.0 = Release|Any CPU
		{F5668334-4D4B-4FA1-BAB6-865C532C608F}.Debug|Any CPU.ActiveCfg = Debug|Any CPU
		{F5668334-4D4B-4FA1-BAB6-865C532C608F}.Debug|Any CPU.Build.0 = Debug|Any CPU
		{F5668334-4D4B-4FA1-BAB6-865C532C608F}.Release|Any CPU.ActiveCfg = Release|Any CPU
		{F5668334-4D4B-4FA1-BAB6-865C532C608F}.Release|Any CPU.Build.0 = Release|Any CPU
		{69E96616-3BED-4A65-BC83-21EDB79D3854}.Debug|Any CPU.ActiveCfg = Debug|Any CPU
		{69E96616-3BED-4A65-BC83-21EDB79D3854}.Debug|Any CPU.Build.0 = Debug|Any CPU
		{69E96616-3BED-4A65-BC83-21EDB79D3854}.Release|Any CPU.ActiveCfg = Release|Any CPU
		{69E96616-3BED-4A65-BC83-21EDB79D3854}.Release|Any CPU.Build.0 = Release|Any CPU
		{1756AB52-762B-4C4B-8625-80984BCC5748}.Debug|Any CPU.ActiveCfg = Debug|Any CPU
		{1756AB52-762B-4C4B-8625-80984BCC5748}.Debug|Any CPU.Build.0 = Debug|Any CPU
		{1756AB52-762B-4C4B-8625-80984BCC5748}.Release|Any CPU.ActiveCfg = Release|Any CPU
		{1756AB52-762B-4C4B-8625-80984BCC5748}.Release|Any CPU.Build.0 = Release|Any CPU
		{B4C2AF9B-E9CE-401B-8BC9-493309CD004F}.Debug|Any CPU.ActiveCfg = Debug|Any CPU
		{B4C2AF9B-E9CE-401B-8BC9-493309CD004F}.Debug|Any CPU.Build.0 = Debug|Any CPU
		{B4C2AF9B-E9CE-401B-8BC9-493309CD004F}.Release|Any CPU.ActiveCfg = Release|Any CPU
		{B4C2AF9B-E9CE-401B-8BC9-493309CD004F}.Release|Any CPU.Build.0 = Release|Any CPU
		{0C72724D-1C32-4CCC-BFF9-5629BAF01D58}.Debug|Any CPU.ActiveCfg = Debug|Any CPU
		{0C72724D-1C32-4CCC-BFF9-5629BAF01D58}.Debug|Any CPU.Build.0 = Debug|Any CPU
		{0C72724D-1C32-4CCC-BFF9-5629BAF01D58}.Release|Any CPU.ActiveCfg = Release|Any CPU
		{0C72724D-1C32-4CCC-BFF9-5629BAF01D58}.Release|Any CPU.Build.0 = Release|Any CPU
		{FE6A64AB-60CB-474F-B9BD-483486DA5105}.Debug|Any CPU.ActiveCfg = Debug|Any CPU
		{FE6A64AB-60CB-474F-B9BD-483486DA5105}.Debug|Any CPU.Build.0 = Debug|Any CPU
		{FE6A64AB-60CB-474F-B9BD-483486DA5105}.Release|Any CPU.ActiveCfg = Release|Any CPU
		{FE6A64AB-60CB-474F-B9BD-483486DA5105}.Release|Any CPU.Build.0 = Release|Any CPU
		{6CCC11D5-76D6-484E-B05C-0948A8046629}.Debug|Any CPU.ActiveCfg = Debug|Any CPU
		{6CCC11D5-76D6-484E-B05C-0948A8046629}.Debug|Any CPU.Build.0 = Debug|Any CPU
		{6CCC11D5-76D6-484E-B05C-0948A8046629}.Release|Any CPU.ActiveCfg = Release|Any CPU
		{6CCC11D5-76D6-484E-B05C-0948A8046629}.Release|Any CPU.Build.0 = Release|Any CPU
		{EAA773A2-9991-45E5-9325-2AA6769F7C4B}.Debug|Any CPU.ActiveCfg = Debug|Any CPU
		{EAA773A2-9991-45E5-9325-2AA6769F7C4B}.Debug|Any CPU.Build.0 = Debug|Any CPU
		{EAA773A2-9991-45E5-9325-2AA6769F7C4B}.Release|Any CPU.ActiveCfg = Release|Any CPU
		{EAA773A2-9991-45E5-9325-2AA6769F7C4B}.Release|Any CPU.Build.0 = Release|Any CPU
		{3C130D79-E07B-4EDB-91A3-D287DFDD021B}.Debug|Any CPU.ActiveCfg = Debug|Any CPU
		{3C130D79-E07B-4EDB-91A3-D287DFDD021B}.Debug|Any CPU.Build.0 = Debug|Any CPU
		{3C130D79-E07B-4EDB-91A3-D287DFDD021B}.Release|Any CPU.ActiveCfg = Release|Any CPU
		{3C130D79-E07B-4EDB-91A3-D287DFDD021B}.Release|Any CPU.Build.0 = Release|Any CPU
		{A1373452-1BAB-4D8F-A6AA-4020E59375D0}.Debug|Any CPU.ActiveCfg = Debug|Any CPU
		{A1373452-1BAB-4D8F-A6AA-4020E59375D0}.Debug|Any CPU.Build.0 = Debug|Any CPU
		{A1373452-1BAB-4D8F-A6AA-4020E59375D0}.Release|Any CPU.ActiveCfg = Release|Any CPU
		{A1373452-1BAB-4D8F-A6AA-4020E59375D0}.Release|Any CPU.Build.0 = Release|Any CPU
		{D6CE2B49-EE41-4F75-97AD-9882DFA31885}.Debug|Any CPU.ActiveCfg = Debug|Any CPU
		{D6CE2B49-EE41-4F75-97AD-9882DFA31885}.Debug|Any CPU.Build.0 = Debug|Any CPU
		{D6CE2B49-EE41-4F75-97AD-9882DFA31885}.Release|Any CPU.ActiveCfg = Release|Any CPU
		{D6CE2B49-EE41-4F75-97AD-9882DFA31885}.Release|Any CPU.Build.0 = Release|Any CPU
	EndGlobalSection
	GlobalSection(SolutionProperties) = preSolution
		HideSolutionNode = FALSE
	EndGlobalSection
	GlobalSection(ExtensibilityGlobals) = postSolution
		SolutionGuid = {EB3C2561-A4D8-4624-80B8-4AAB17568284}
	EndGlobalSection
EndGlobal
